{
  "requires": true,
  "lockfileVersion": 1,
  "dependencies": {
    "angularx-flatpickr": {
      "version": "6.1.1",
      "resolved": "https://registry.npmjs.org/angularx-flatpickr/-/angularx-flatpickr-6.1.1.tgz",
      "integrity": "sha512-2oeZ2AcrWwueTdF9HKRcVMpGUhnfwodjbBIEVqA6PDP6KhZvP4baVYCB3RkWgs2o3e+v1NF3qBps5rLolUWw1w==",
      "requires": {
        "tslib": "^1.9.0"
      }
    },
    "flatpickr": {
      "version": "4.6.3",
      "resolved": "https://registry.npmjs.org/flatpickr/-/flatpickr-4.6.3.tgz",
      "integrity": "sha512-007VucCkqNOMMb9ggRLNuJowwaJcyOh4sKAFcdGfahfGc7JQbf94zSzjdBq/wVyHWUEs5o3+idhFZ0wbZMRmVQ=="
    },
    "ng2-file-upload": {
      "version": "1.3.0",
      "resolved": "https://registry.npmjs.org/ng2-file-upload/-/ng2-file-upload-1.3.0.tgz",
      "integrity": "sha512-Pudxik6LWYsT8hNiEW7RfjgGWAnvfQywxwJYMdt1snTUe+KnlRc/QqPv3QEQW6plXTanuLkYz/TbqilSfSHOsw=="
    },
    "tslib": {
      "version": "1.10.0",
      "resolved": "https://registry.npmjs.org/tslib/-/tslib-1.10.0.tgz",
      "integrity": "sha512-qOebF53frne81cf0S9B41ByenJ3/IuH8yJKngAX35CmiZySA0khhkovshKK+jGCaMnVomla7gVlIcc3EvKPbTQ=="
    }
  }
}
